
Microsoft Visual Studio Solution File, Format Version 12.00
# Visual Studio Version 16
VisualStudioVersion = 16.0.31624.102
MinimumVisualStudioVersion = 10.0.40219.1
Project("{FAE04EC0-301F-11D3-BF4B-00C04F79EFBC}") = "FirstJSON", "FirstJSON\FirstJSON.csproj", "{487C1DF8-5D33-4046-BF48-F09431F91175}"
EndProject
Global
	GlobalSection(SolutionConfigurationPlatforms) = preSolution
		Debug|Any CPU = Debug|Any CPU
		Release|Any CPU = Release|Any CPU
	EndGlobalSection
	GlobalSection(ProjectConfigurationPlatforms) = postSolution
		{487C1DF8-5D33-4046-BF48-F09431F91175}.Debug|Any CPU.ActiveCfg = Debug|Any CPU
		{487C1DF8-5D33-4046-BF48-F09431F91175}.Debug|Any CPU.Build.0 = Debug|Any CPU
		{487C1DF8-5D33-4046-BF48-F09431F91175}.Release|Any CPU.ActiveCfg = Release|Any CPU
		{487C1DF8-5D33-4046-BF48-F09431F91175}.Release|Any CPU.Build.0 = Release|Any CPU
	EndGlobalSection
	GlobalSection(SolutionProperties) = preSolution
		HideSolutionNode = FALSE
	EndGlobalSection
	GlobalSection(ExtensibilityGlobals) = postSolution
		SolutionGuid = {AB48AF74-25AE-4806-A8EC-0CDD2555804B}
	EndGlobalSection
EndGlobal
